
Microsoft Visual Studio Solution File, Format Version 12.00
# Visual Studio Version 16
VisualStudioVersion = 16.0.29411.108
MinimumVisualStudioVersion = 10.0.40219.1
Project("{FAE04EC0-301F-11D3-BF4B-00C04F79EFBC}") = "MyStack.Test", "MyStack.Test\MyStack.Test.csproj", "{BE0F41AC-A19E-43DF-A412-CDD679141980}"
EndProject
Project("{FAE04EC0-301F-11D3-BF4B-00C04F79EFBC}") = "MyStack.Core", "MyStack.Core\MyStack.Core.csproj", "{4FEC4DE6-9863-4ACE-BEEC-DCAA9DD1BB73}"
EndProject
Global
	GlobalSection(SolutionConfigurationPlatforms) = preSolution
		Debug|Any CPU = Debug|Any CPU
		Release|Any CPU = Release|Any CPU
	EndGlobalSection
	GlobalSection(ProjectConfigurationPlatforms) = postSolution
		{BE0F41AC-A19E-43DF-A412-CDD679141980}.Debug|Any CPU.ActiveCfg = Debug|Any CPU
		{BE0F41AC-A19E-43DF-A412-CDD679141980}.Debug|Any CPU.Build.0 = Debug|Any CPU
		{BE0F41AC-A19E-43DF-A412-CDD679141980}.Release|Any CPU.ActiveCfg = Release|Any CPU
		{BE0F41AC-A19E-43DF-A412-CDD679141980}.Release|Any CPU.Build.0 = Release|Any CPU
		{4FEC4DE6-9863-4ACE-BEEC-DCAA9DD1BB73}.Debug|Any CPU.ActiveCfg = Debug|Any CPU
		{4FEC4DE6-9863-4ACE-BEEC-DCAA9DD1BB73}.Debug|Any CPU.Build.0 = Debug|Any CPU
		{4FEC4DE6-9863-4ACE-BEEC-DCAA9DD1BB73}.Release|Any CPU.ActiveCfg = Release|Any CPU
		{4FEC4DE6-9863-4ACE-BEEC-DCAA9DD1BB73}.Release|Any CPU.Build.0 = Release|Any CPU
	EndGlobalSection
	GlobalSection(SolutionProperties) = preSolution
		HideSolutionNode = FALSE
	EndGlobalSection
	GlobalSection(ExtensibilityGlobals) = postSolution
		SolutionGuid = {8BF2BB7E-5A26-42D7-9072-DEFF3C0B8E15}
	EndGlobalSection
EndGlobal
